
Microsoft Visual Studio Solution File, Format Version 12.00
# Visual Studio Version 17
VisualStudioVersion = 17.0.31903.59
MinimumVisualStudioVersion = 10.0.40219.1
Project("{FAE04EC0-301F-11D3-BF4B-00C04F79EFBC}") = "API", "API\API.csproj", "{ADAA7CEF-DEBB-4EB9-9341-F1304E71093B}"
EndProject
Project("{FAE04EC0-301F-11D3-BF4B-00C04F79EFBC}") = "Application", "Application\Application.csproj", "{EBD6AE7E-D096-4305-8E79-8B68A22FED66}"
EndProject
Project("{FAE04EC0-301F-11D3-BF4B-00C04F79EFBC}") = "Domain", "Domain\Domain.csproj", "{FCA09640-712B-4586-94CE-4627D1698E47}"
EndProject
Project("{FAE04EC0-301F-11D3-BF4B-00C04F79EFBC}") = "Persistence", "Persistence\Persistence.csproj", "{45892103-BF23-4028-9975-786BE8C9F67D}"
EndProject
Global
	GlobalSection(SolutionConfigurationPlatforms) = preSolution
		Debug|Any CPU = Debug|Any CPU
		Release|Any CPU = Release|Any CPU
	EndGlobalSection
	GlobalSection(SolutionProperties) = preSolution
		HideSolutionNode = FALSE
	EndGlobalSection
	GlobalSection(ProjectConfigurationPlatforms) = postSolution
		{ADAA7CEF-DEBB-4EB9-9341-F1304E71093B}.Debug|Any CPU.ActiveCfg = Debug|Any CPU
		{ADAA7CEF-DEBB-4EB9-9341-F1304E71093B}.Debug|Any CPU.Build.0 = Debug|Any CPU
		{ADAA7CEF-DEBB-4EB9-9341-F1304E71093B}.Release|Any CPU.ActiveCfg = Release|Any CPU
		{ADAA7CEF-DEBB-4EB9-9341-F1304E71093B}.Release|Any CPU.Build.0 = Release|Any CPU
		{EBD6AE7E-D096-4305-8E79-8B68A22FED66}.Debug|Any CPU.ActiveCfg = Debug|Any CPU
		{EBD6AE7E-D096-4305-8E79-8B68A22FED66}.Debug|Any CPU.Build.0 = Debug|Any CPU
		{EBD6AE7E-D096-4305-8E79-8B68A22FED66}.Release|Any CPU.ActiveCfg = Release|Any CPU
		{EBD6AE7E-D096-4305-8E79-8B68A22FED66}.Release|Any CPU.Build.0 = Release|Any CPU
		{FCA09640-712B-4586-94CE-4627D1698E47}.Debug|Any CPU.ActiveCfg = Debug|Any CPU
		{FCA09640-712B-4586-94CE-4627D1698E47}.Debug|Any CPU.Build.0 = Debug|Any CPU
		{FCA09640-712B-4586-94CE-4627D1698E47}.Release|Any CPU.ActiveCfg = Release|Any CPU
		{FCA09640-712B-4586-94CE-4627D1698E47}.Release|Any CPU.Build.0 = Release|Any CPU
		{45892103-BF23-4028-9975-786BE8C9F67D}.Debug|Any CPU.ActiveCfg = Debug|Any CPU
		{45892103-BF23-4028-9975-786BE8C9F67D}.Debug|Any CPU.Build.0 = Debug|Any CPU
		{45892103-BF23-4028-9975-786BE8C9F67D}.Release|Any CPU.ActiveCfg = Release|Any CPU
		{45892103-BF23-4028-9975-786BE8C9F67D}.Release|Any CPU.Build.0 = Release|Any CPU
	EndGlobalSection
EndGlobal
